
Microsoft Visual Studio Solution File, Format Version 12.00
# Visual Studio Version 17
VisualStudioVersion = 17.0.32014.148
MinimumVisualStudioVersion = 10.0.40219.1
Project("{FAE04EC0-301F-11D3-BF4B-00C04F79EFBC}") = "Base64ToImageURL", "Base64ToImageURL.csproj", "{64B99DB6-4EBA-45C3-9B87-51120514DBF2}"
EndProject
Global
	GlobalSection(SolutionConfigurationPlatforms) = preSolution
		Debug|Any CPU = Debug|Any CPU
		Release|Any CPU = Release|Any CPU
	EndGlobalSection
	GlobalSection(ProjectConfigurationPlatforms) = postSolution
		{64B99DB6-4EBA-45C3-9B87-51120514DBF2}.Debug|Any CPU.ActiveCfg = Debug|Any CPU
		{64B99DB6-4EBA-45C3-9B87-51120514DBF2}.Debug|Any CPU.Build.0 = Debug|Any CPU
		{64B99DB6-4EBA-45C3-9B87-51120514DBF2}.Release|Any CPU.ActiveCfg = Release|Any CPU
		{64B99DB6-4EBA-45C3-9B87-51120514DBF2}.Release|Any CPU.Build.0 = Release|Any CPU
	EndGlobalSection
	GlobalSection(SolutionProperties) = preSolution
		HideSolutionNode = FALSE
	EndGlobalSection
	GlobalSection(ExtensibilityGlobals) = postSolution
		SolutionGuid = {42A2EB01-57D6-4644-9B9A-1F90E78E832C}
	EndGlobalSection
EndGlobal
